// !$*UTF8*$!
{
	archiveVersion = 1;
	classes = {
	};
	objectVersion = 56;
	objects = {

/* Begin PBXBuildFile section */
		A20436C92C0A533F0092B1FF /* Alert.swift in Sources */ = {isa = PBXBuildFile; fileRef = A20436C82C0A533F0092B1FF /* Alert.swift */; };
		A237FF7B2BFE552E0066F659 /* TabbarShape.swift in Sources */ = {isa = PBXBuildFile; fileRef = A237FF7A2BFE552E0066F659 /* TabbarShape.swift */; };
		A2B3D1B92BF61F790083B59A /* View+rounded corners.swift in Sources */ = {isa = PBXBuildFile; fileRef = A2B3D1B82BF61F790083B59A /* View+rounded corners.swift */; };
		A2C152992BF55776006556AC /* AppDelegate.swift in Sources */ = {isa = PBXBuildFile; fileRef = A2C152982BF55776006556AC /* AppDelegate.swift */; };
		A2C1529B2BF55776006556AC /* SceneDelegate.swift in Sources */ = {isa = PBXBuildFile; fileRef = A2C1529A2BF55776006556AC /* SceneDelegate.swift */; };
		A2C1529D2BF55776006556AC /* ViewController.swift in Sources */ = {isa = PBXBuildFile; fileRef = A2C1529C2BF55776006556AC /* ViewController.swift */; };
		A2C152A22BF55777006556AC /* Assets.xcassets in Resources */ = {isa = PBXBuildFile; fileRef = A2C152A12BF55777006556AC /* Assets.xcassets */; };
		A2C152A52BF55777006556AC /* LaunchScreen.storyboard in Resources */ = {isa = PBXBuildFile; fileRef = A2C152A32BF55777006556AC /* LaunchScreen.storyboard */; };
		A2C152AD2BF5590A006556AC /* SettingsView.swift in Sources */ = {isa = PBXBuildFile; fileRef = A2C152AC2BF5590A006556AC /* SettingsView.swift */; };
		A2C4DCFE2C0DECBD000539FE /* CustomAlert.swift in Sources */ = {isa = PBXBuildFile; fileRef = A2C4DCFD2C0DECBD000539FE /* CustomAlert.swift */; };
/* End PBXBuildFile section */

/* Begin PBXFileReference section */
		A20436C82C0A533F0092B1FF /* Alert.swift */ = {isa = PBXFileReference; lastKnownFileType = sourcecode.swift; path = Alert.swift; sourceTree = "<group>"; };
		A237FF7A2BFE552E0066F659 /* TabbarShape.swift */ = {isa = PBXFileReference; lastKnownFileType = sourcecode.swift; path = TabbarShape.swift; sourceTree = "<group>"; };
		A2B3D1B82BF61F790083B59A /* View+rounded corners.swift */ = {isa = PBXFileReference; lastKnownFileType = sourcecode.swift; path = "View+rounded corners.swift"; sourceTree = "<group>"; };
		A2C152952BF55776006556AC /* Basyl.app */ = {isa = PBXFileReference; explicitFileType = wrapper.application; includeInIndex = 0; path = Basyl.app; sourceTree = BUILT_PRODUCTS_DIR; };
		A2C152982BF55776006556AC /* AppDelegate.swift */ = {isa = PBXFileReference; lastKnownFileType = sourcecode.swift; path = AppDelegate.swift; sourceTree = "<group>"; };
		A2C1529A2BF55776006556AC /* SceneDelegate.swift */ = {isa = PBXFileReference; lastKnownFileType = sourcecode.swift; path = SceneDelegate.swift; sourceTree = "<group>"; };
		A2C1529C2BF55776006556AC /* ViewController.swift */ = {isa = PBXFileReference; lastKnownFileType = sourcecode.swift; path = ViewController.swift; sourceTree = "<group>"; };
		A2C152A12BF55777006556AC /* Assets.xcassets */ = {isa = PBXFileReference; lastKnownFileType = folder.assetcatalog; path = Assets.xcassets; sourceTree = "<group>"; };
		A2C152A42BF55777006556AC /* Base */ = {isa = PBXFileReference; lastKnownFileType = file.storyboard; name = Base; path = Base.lproj/LaunchScreen.storyboard; sourceTree = "<group>"; };
		A2C152A62BF55777006556AC /* Info.plist */ = {isa = PBXFileReference; lastKnownFileType = text.plist.xml; path = Info.plist; sourceTree = "<group>"; };
		A2C152AC2BF5590A006556AC /* SettingsView.swift */ = {isa = PBXFileReference; lastKnownFileType = sourcecode.swift; path = SettingsView.swift; sourceTree = "<group>"; };
		A2C4DCFD2C0DECBD000539FE /* CustomAlert.swift */ = {isa = PBXFileReference; lastKnownFileType = sourcecode.swift; path = CustomAlert.swift; sourceTree = "<group>"; };
/* End PBXFileReference section */

/* Begin PBXFrameworksBuildPhase section */
		A2C152922BF55776006556AC /* Frameworks */ = {
			isa = PBXFrameworksBuildPhase;
			buildActionMask = 2147483647;
			files = (
			);
			runOnlyForDeploymentPostprocessing = 0;
		};
/* End PBXFrameworksBuildPhase section */

/* Begin PBXGroup section */
		A20436C52C0A52570092B1FF /* Presentation */ = {
			isa = PBXGroup;
			children = (
				A20436C72C0A531A0092B1FF /* Alert */,
				A20436C62C0A52FB0092B1FF /* Settings */,
			);
			path = Presentation;
			sourceTree = "<group>";
		};
		A20436C62C0A52FB0092B1FF /* Settings */ = {
			isa = PBXGroup;
			children = (
				A237FF7A2BFE552E0066F659 /* TabbarShape.swift */,
				A2C152AC2BF5590A006556AC /* SettingsView.swift */,
			);
			path = Settings;
			sourceTree = "<group>";
		};
		A20436C72C0A531A0092B1FF /* Alert */ = {
			isa = PBXGroup;
			children = (
				A20436C82C0A533F0092B1FF /* Alert.swift */,
				A2C4DCFD2C0DECBD000539FE /* CustomAlert.swift */,
			);
			path = Alert;
			sourceTree = "<group>";
		};
		A20436CA2C0A54A30092B1FF /* App */ = {
			isa = PBXGroup;
			children = (
				A2C1529A2BF55776006556AC /* SceneDelegate.swift */,
				A2C152982BF55776006556AC /* AppDelegate.swift */,
			);
			path = App;
			sourceTree = "<group>";
		};
		A2B3D1B72BF61F4E0083B59A /* Extensions */ = {
			isa = PBXGroup;
			children = (
				A2B3D1B82BF61F790083B59A /* View+rounded corners.swift */,
			);
			path = Extensions;
			sourceTree = "<group>";
		};
		A2C1528C2BF55775006556AC = {
			isa = PBXGroup;
			children = (
				A2C152972BF55776006556AC /* Basyl */,
				A2C152962BF55776006556AC /* Products */,
			);
			sourceTree = "<group>";
		};
		A2C152962BF55776006556AC /* Products */ = {
			isa = PBXGroup;
			children = (
				A2C152952BF55776006556AC /* Basyl.app */,
			);
			name = Products;
			sourceTree = "<group>";
		};
		A2C152972BF55776006556AC /* Basyl */ = {
			isa = PBXGroup;
			children = (
				A20436CA2C0A54A30092B1FF /* App */,
				A2C1529C2BF55776006556AC /* ViewController.swift */,
				A20436C52C0A52570092B1FF /* Presentation */,
				A2B3D1B72BF61F4E0083B59A /* Extensions */,
				A2C152A12BF55777006556AC /* Assets.xcassets */,
				A2C152A32BF55777006556AC /* LaunchScreen.storyboard */,
				A2C152A62BF55777006556AC /* Info.plist */,
			);
			path = Basyl;
			sourceTree = "<group>";
		};
/* End PBXGroup section */

/* Begin PBXNativeTarget section */
		A2C152942BF55776006556AC /* Basyl */ = {
			isa = PBXNativeTarget;
			buildConfigurationList = A2C152A92BF55777006556AC /* Build configuration list for PBXNativeTarget "Basyl" */;
			buildPhases = (
				A2C152912BF55776006556AC /* Sources */,
				A2C152922BF55776006556AC /* Frameworks */,
				A2C152932BF55776006556AC /* Resources */,
			);
			buildRules = (
			);
			dependencies = (
			);
			name = Basyl;
			productName = Basyl;
			productReference = A2C152952BF55776006556AC /* Basyl.app */;
			productType = "com.apple.product-type.application";
		};
/* End PBXNativeTarget section */

/* Begin PBXProject section */
		A2C1528D2BF55775006556AC /* Project object */ = {
			isa = PBXProject;
			attributes = {
				BuildIndependentTargetsInParallel = 1;
				LastSwiftUpdateCheck = 1410;
				LastUpgradeCheck = 1410;
				TargetAttributes = {
					A2C152942BF55776006556AC = {
						CreatedOnToolsVersion = 14.1;
					};
				};
			};
			buildConfigurationList = A2C152902BF55775006556AC /* Build configuration list for PBXProject "Basyl" */;
			compatibilityVersion = "Xcode 14.0";
			developmentRegion = en;
			hasScannedForEncodings = 0;
			knownRegions = (
				en,
				Base,
			);
			mainGroup = A2C1528C2BF55775006556AC;
			productRefGroup = A2C152962BF55776006556AC /* Products */;
			projectDirPath = "";
			projectRoot = "";
			targets = (
				A2C152942BF55776006556AC /* Basyl */,
			);
		};
/* End PBXProject section */

/* Begin PBXResourcesBuildPhase section */
		A2C152932BF55776006556AC /* Resources */ = {
			isa = PBXResourcesBuildPhase;
			buildActionMask = 2147483647;
			files = (
				A2C152A52BF55777006556AC /* LaunchScreen.storyboard in Resources */,
				A2C152A22BF55777006556AC /* Assets.xcassets in Resources */,
			);
			runOnlyForDeploymentPostprocessing = 0;
		};
/* End PBXResourcesBuildPhase section */

/* Begin PBXSourcesBuildPhase section */
		A2C152912BF55776006556AC /* Sources */ = {
			isa = PBXSourcesBuildPhase;
			buildActionMask = 2147483647;
			files = (
				A2C1529D2BF55776006556AC /* ViewController.swift in Sources */,
				A237FF7B2BFE552E0066F659 /* TabbarShape.swift in Sources */,
				A2C152992BF55776006556AC /* AppDelegate.swift in Sources */,
				A2C152AD2BF5590A006556AC /* SettingsView.swift in Sources */,
				A2B3D1B92BF61F790083B59A /* View+rounded corners.swift in Sources */,
				A2C1529B2BF55776006556AC /* SceneDelegate.swift in Sources */,
				A20436C92C0A533F0092B1FF /* Alert.swift in Sources */,
				A2C4DCFE2C0DECBD000539FE /* CustomAlert.swift in Sources */,
			);
			runOnlyForDeploymentPostprocessing = 0;
		};
/* End PBXSourcesBuildPhase section */

/* Begin PBXVariantGroup section */
		A2C152A32BF55777006556AC /* LaunchScreen.storyboard */ = {
			isa = PBXVariantGroup;
			children = (
				A2C152A42BF55777006556AC /* Base */,
			);
			name = LaunchScreen.storyboard;
			sourceTree = "<group>";
		};
/* End PBXVariantGroup section */

/* Begin XCBuildConfiguration section */
		A2C152A72BF55777006556AC /* Debug */ = {
			isa = XCBuildConfiguration;
			buildSettings = {
				ALWAYS_SEARCH_USER_PATHS = NO;
				CLANG_ANALYZER_NONNULL = YES;
				CLANG_ANALYZER_NUMBER_OBJECT_CONVERSION = YES_AGGRESSIVE;
				CLANG_CXX_LANGUAGE_STANDARD = "gnu++20";
				CLANG_ENABLE_MODULES = YES;
				CLANG_ENABLE_OBJC_ARC = YES;
				CLANG_ENABLE_OBJC_WEAK = YES;
				CLANG_WARN_BLOCK_CAPTURE_AUTORELEASING = YES;
				CLANG_WARN_BOOL_CONVERSION = YES;
				CLANG_WARN_COMMA = YES;
				CLANG_WARN_CONSTANT_CONVERSION = YES;
				CLANG_WARN_DEPRECATED_OBJC_IMPLEMENTATIONS = YES;
				CLANG_WARN_DIRECT_OBJC_ISA_USAGE = YES_ERROR;
				CLANG_WARN_DOCUMENTATION_COMMENTS = YES;
				CLANG_WARN_EMPTY_BODY = YES;
				CLANG_WARN_ENUM_CONVERSION = YES;
				CLANG_WARN_INFINITE_RECURSION = YES;
				CLANG_WARN_INT_CONVERSION = YES;
				CLANG_WARN_NON_LITERAL_NULL_CONVERSION = YES;
				CLANG_WARN_OBJC_IMPLICIT_RETAIN_SELF = YES;
				CLANG_WARN_OBJC_LITERAL_CONVERSION = YES;
				CLANG_WARN_OBJC_ROOT_CLASS = YES_ERROR;
				CLANG_WARN_QUOTED_INCLUDE_IN_FRAMEWORK_HEADER = YES;
				CLANG_WARN_RANGE_LOOP_ANALYSIS = YES;
				CLANG_WARN_STRICT_PROTOTYPES = YES;
				CLANG_WARN_SUSPICIOUS_MOVE = YES;
				CLANG_WARN_UNGUARDED_AVAILABILITY = YES_AGGRESSIVE;
				CLANG_WARN_UNREACHABLE_CODE = YES;
				CLANG_WARN__DUPLICATE_METHOD_MATCH = YES;
				COPY_PHASE_STRIP = NO;
				DEBUG_INFORMATION_FORMAT = dwarf;
				ENABLE_STRICT_OBJC_MSGSEND = YES;
				ENABLE_TESTABILITY = YES;
				GCC_C_LANGUAGE_STANDARD = gnu11;
				GCC_DYNAMIC_NO_PIC = NO;
				GCC_NO_COMMON_BLOCKS = YES;
				GCC_OPTIMIZATION_LEVEL = 0;
				GCC_PREPROCESSOR_DEFINITIONS = (
					"DEBUG=1",
					"$(inherited)",
				);
				GCC_WARN_64_TO_32_BIT_CONVERSION = YES;
				GCC_WARN_ABOUT_RETURN_TYPE = YES_ERROR;
				GCC_WARN_UNDECLARED_SELECTOR = YES;
				GCC_WARN_UNINITIALIZED_AUTOS = YES_AGGRESSIVE;
				GCC_WARN_UNUSED_FUNCTION = YES;
				GCC_WARN_UNUSED_VARIABLE = YES;
				IPHONEOS_DEPLOYMENT_TARGET = 16.1;
				MTL_ENABLE_DEBUG_INFO = INCLUDE_SOURCE;
				MTL_FAST_MATH = YES;
				ONLY_ACTIVE_ARCH = YES;
				SDKROOT = iphoneos;
				SWIFT_ACTIVE_COMPILATION_CONDITIONS = DEBUG;
				SWIFT_OPTIMIZATION_LEVEL = "-Onone";
			};
			name = Debug;
		};
		A2C152A82BF55777006556AC /* Release */ = {
			isa = XCBuildConfiguration;
			buildSettings = {
				ALWAYS_SEARCH_USER_PATHS = NO;
				CLANG_ANALYZER_NONNULL = YES;
				CLANG_ANALYZER_NUMBER_OBJECT_CONVERSION = YES_AGGRESSIVE;
				CLANG_CXX_LANGUAGE_STANDARD = "gnu++20";
				CLANG_ENABLE_MODULES = YES;
				CLANG_ENABLE_OBJC_ARC = YES;
				CLANG_ENABLE_OBJC_WEAK = YES;
				CLANG_WARN_BLOCK_CAPTURE_AUTORELEASING = YES;
				CLANG_WARN_BOOL_CONVERSION = YES;
				CLANG_WARN_COMMA = YES;
				CLANG_WARN_CONSTANT_CONVERSION = YES;
				CLANG_WARN_DEPRECATED_OBJC_IMPLEMENTATIONS = YES;
				CLANG_WARN_DIRECT_OBJC_ISA_USAGE = YES_ERROR;
				CLANG_WARN_DOCUMENTATION_COMMENTS = YES;
				CLANG_WARN_EMPTY_BODY = YES;
				CLANG_WARN_ENUM_CONVERSION = YES;
				CLANG_WARN_INFINITE_RECURSION = YES;
				CLANG_WARN_INT_CONVERSION = YES;
				CLANG_WARN_NON_LITERAL_NULL_CONVERSION = YES;
				CLANG_WARN_OBJC_IMPLICIT_RETAIN_SELF = YES;
				CLANG_WARN_OBJC_LITERAL_CONVERSION = YES;
				CLANG_WARN_OBJC_ROOT_CLASS = YES_ERROR;
				CLANG_WARN_QUOTED_INCLUDE_IN_FRAMEWORK_HEADER = YES;
				CLANG_WARN_RANGE_LOOP_ANALYSIS = YES;
				CLANG_WARN_STRICT_PROTOTYPES = YES;
				CLANG_WARN_SUSPICIOUS_MOVE = YES;
				CLANG_WARN_UNGUARDED_AVAILABILITY = YES_AGGRESSIVE;
				CLANG_WARN_UNREACHABLE_CODE = YES;
				CLANG_WARN__DUPLICATE_METHOD_MATCH = YES;
				COPY_PHASE_STRIP = NO;
				DEBUG_INFORMATION_FORMAT = "dwarf-with-dsym";
				ENABLE_NS_ASSERTIONS = NO;
				ENABLE_STRICT_OBJC_MSGSEND = YES;
				GCC_C_LANGUAGE_STANDARD = gnu11;
				GCC_NO_COMMON_BLOCKS = YES;
				GCC_WARN_64_TO_32_BIT_CONVERSION = YES;
				GCC_WARN_ABOUT_RETURN_TYPE = YES_ERROR;
				GCC_WARN_UNDECLARED_SELECTOR = YES;
				GCC_WARN_UNINITIALIZED_AUTOS = YES_AGGRESSIVE;
				GCC_WARN_UNUSED_FUNCTION = YES;
				GCC_WARN_UNUSED_VARIABLE = YES;
				IPHONEOS_DEPLOYMENT_TARGET = 16.1;
				MTL_ENABLE_DEBUG_INFO = NO;
				MTL_FAST_MATH = YES;
				SDKROOT = iphoneos;
				SWIFT_COMPILATION_MODE = wholemodule;
				SWIFT_OPTIMIZATION_LEVEL = "-O";
				VALIDATE_PRODUCT = YES;
			};
			name = Release;
		};
		A2C152AA2BF55777006556AC /* Debug */ = {
			isa = XCBuildConfiguration;
			buildSettings = {
				ASSETCATALOG_COMPILER_APPICON_NAME = AppIcon;
				ASSETCATALOG_COMPILER_GLOBAL_ACCENT_COLOR_NAME = AccentColor;
				CODE_SIGN_STYLE = Automatic;
				CURRENT_PROJECT_VERSION = 1;
				DEVELOPMENT_TEAM = H4CARJMF9X;
				GENERATE_INFOPLIST_FILE = YES;
				INFOPLIST_FILE = Basyl/Info.plist;
				INFOPLIST_KEY_UIApplicationSupportsIndirectInputEvents = YES;
				INFOPLIST_KEY_UILaunchStoryboardName = LaunchScreen;
				INFOPLIST_KEY_UIMainStoryboardFile = "";
				INFOPLIST_KEY_UISupportedInterfaceOrientations_iPad = "UIInterfaceOrientationPortrait UIInterfaceOrientationPortraitUpsideDown UIInterfaceOrientationLandscapeLeft UIInterfaceOrientationLandscapeRight";
				INFOPLIST_KEY_UISupportedInterfaceOrientations_iPhone = "UIInterfaceOrientationPortrait UIInterfaceOrientationLandscapeLeft UIInterfaceOrientationLandscapeRight";
				LD_RUNPATH_SEARCH_PATHS = (
					"$(inherited)",
					"@executable_path/Frameworks",
				);
				MARKETING_VERSION = 1.0;
				PRODUCT_BUNDLE_IDENTIFIER = andrew.Basyl;
				PRODUCT_NAME = "$(TARGET_NAME)";
				SWIFT_EMIT_LOC_STRINGS = YES;
				SWIFT_VERSION = 5.0;
				TARGETED_DEVICE_FAMILY = "1,2";
			};
			name = Debug;
		};
		A2C152AB2BF55777006556AC /* Release */ = {
			isa = XCBuildConfiguration;
			buildSettings = {
				ASSETCATALOG_COMPILER_APPICON_NAME = AppIcon;
				ASSETCATALOG_COMPILER_GLOBAL_ACCENT_COLOR_NAME = AccentColor;
				CODE_SIGN_STYLE = Automatic;
				CURRENT_PROJECT_VERSION = 1;
				DEVELOPMENT_TEAM = H4CARJMF9X;
				GENERATE_INFOPLIST_FILE = YES;
				INFOPLIST_FILE = Basyl/Info.plist;
				INFOPLIST_KEY_UIApplicationSupportsIndirectInputEvents = YES;
				INFOPLIST_KEY_UILaunchStoryboardName = LaunchScreen;
				INFOPLIST_KEY_UIMainStoryboardFile = "";
				INFOPLIST_KEY_UISupportedInterfaceOrientations_iPad = "UIInterfaceOrientationPortrait UIInterfaceOrientationPortraitUpsideDown UIInterfaceOrientationLandscapeLeft UIInterfaceOrientationLandscapeRight";
				INFOPLIST_KEY_UISupportedInterfaceOrientations_iPhone = "UIInterfaceOrientationPortrait UIInterfaceOrientationLandscapeLeft UIInterfaceOrientationLandscapeRight";
				LD_RUNPATH_SEARCH_PATHS = (
					"$(inherited)",
					"@executable_path/Frameworks",
				);
				MARKETING_VERSION = 1.0;
				PRODUCT_BUNDLE_IDENTIFIER = andrew.Basyl;
				PRODUCT_NAME = "$(TARGET_NAME)";
				SWIFT_EMIT_LOC_STRINGS = YES;
				SWIFT_VERSION = 5.0;
				TARGETED_DEVICE_FAMILY = "1,2";
			};
			name = Release;
		};
/* End XCBuildConfiguration section */

/* Begin XCConfigurationList section */
		A2C152902BF55775006556AC /* Build configuration list for PBXProject "Basyl" */ = {
			isa = XCConfigurationList;
			buildConfigurations = (
				A2C152A72BF55777006556AC /* Debug */,
				A2C152A82BF55777006556AC /* Release */,
			);
			defaultConfigurationIsVisible = 0;
			defaultConfigurationName = Release;
		};
		A2C152A92BF55777006556AC /* Build configuration list for PBXNativeTarget "Basyl" */ = {
			isa = XCConfigurationList;
			buildConfigurations = (
				A2C152AA2BF55777006556AC /* Debug */,
				A2C152AB2BF55777006556AC /* Release */,
			);
			defaultConfigurationIsVisible = 0;
			defaultConfigurationName = Release;
		};
/* End XCConfigurationList section */
	};
	rootObject = A2C1528D2BF55775006556AC /* Project object */;
}
